github.com/BurntSushi/toml v0.3.1 h1:WXkYYl6Yr3qBf1K79EBnL4mak0OimBfB0XUf9Vl28OQ=
github.com/BurntSushi/toml v0.3.1/go.mod h1:xHWCNGjB5oqiDr8zfno3MHue2Ht5sIBksp03qcyfWMU=
github.com/Jeffail/gabs v1.3.1 h1:6SHn5/5/JADuTC1SJGYB9RI4aZ7dbtDjXfsHhyoanm8=
github.com/Jeffail/gabs v1.3.1/go.mod h1:6xMvQMK4k33lb7GUUpaAPh6nKMmemQeg5d4gn7/bOXc=
github.com/davecgh/go-spew v1.1.0 h1:ZDRjVQ15GmhC3fiQ8ni8+OwkZQO4DARzQgrnXU1Liz8=
github.com/davecgh/go-spew v1.1.0/go.mod h1:J7Y8YcW2NihsgmVo/mv3lAwl/skON4iLHjSsI+c5H38=
github.com/davecgh/go-spew v1.1.1 h1:vj9j/u1bqnvCEfJOwUhtlOARqs3+rkHYY13jYWTU97c=
github.com/davecgh/go-spew v1.1.1/go.mod h1:J7Y8YcW2NihsgmVo/mv3lAwl/skON4iLHjSsI+c5H38=
github.com/eddieowens/axon v0.4.2 h1:rsltiq1yvtJ5E2APxbyRKcuneLvNwI/l3LJh447PuBY=
github.com/eddieowens/axon v0.4.2/go.mod h1:9Hy0QoT/kxnOaNk42D3V/Bf7N9ARSyYr4sWnS+AQPDY=
github.com/eddieowens/axon v0.5.0 h1:gLben6Pk15PaciLr0kgpJYfqxBdCFPasHCGE50sZAXQ=
github.com/eddieowens/axon v0.5.0/go.mod h1:9Hy0QoT/kxnOaNk42D3V/Bf7N9ARSyYr4sWnS+AQPDY=
github.com/eddieowens/ranvier/commons v0.0.0-20190526180404-b732ae780df4 h1:hiYTBPJIKU/YdWMQIvdJZOJEQLyZtTBzs6P7xNA24ig=
github.com/eddieowens/ranvier/commons v0.0.0-20190526180404-b732ae780df4/go.mod h1:Jpv1orJiWyF0h99hN9bRFeqzV4x5rssFEWOstBJpenE=
github.com/eddieowens/ranvier/commons v0.0.0-20190603060848-fe941be4cbbf h1:pihyw2qrEztLaC+3qQhxDv+3nlWIbPm6S2Mf8lduZT8=
github.com/eddieowens/ranvier/commons v0.0.0-20190603060848-fe941be4cbbf/go.mod h1:Jpv1orJiWyF0h99hN9bRFeqzV4x5rssFEWOstBJpenE=
github.com/eddieowens/ranvier/commons v0.0.0-20190603062026-77c598143a2a h1:qBPgR2Jzzq9cUxe7UPwnZwU99xs3Z/vJlXxxtecdCxs=
github.com/eddieowens/ranvier/commons v0.0.0-20190603062026-77c598143a2a/go.mod h1:Jpv1orJiWyF0h99hN9bRFeqzV4x5rssFEWOstBJpenE=
github.com/eddieowens/ranvier/commons v0.0.0-20190613071118-940eccb2f68b h1:HtM0+Id9JesTIUcSogQTuK1LgjwxWbRC178CpuqAKJ4=
github.com/eddieowens/ranvier/commons v0.0.0-20190613071118-940eccb2f68b/go.mod h1:Jpv1orJiWyF0h99hN9bRFeqzV4x5rssFEWOstBJpenE=
github.com/eddieowens/ranvier/commons v0.0.0-20190615195836-8b8488d6ebce h1:aa4BSISjOFkx65GICklRFu/g0WjOxBtAbDNqhJfyKOg=
github.com/eddieowens/ranvier/commons v0.0.0-20190615195836-8b8488d6ebce/go.mod h1:Jpv1orJiWyF0h99hN9bRFeqzV4x5rssFEWOstBJpenE=
github.com/go-playground/locales v0.12.1 h1:2FITxuFt/xuCNP1Acdhv62OzaCiviiE4kotfhkmOqEc=
github.com/go-playground/locales v0.12.1/go.mod h1:IUMDtCfWo/w/mtMfIE/IG2K+Ey3ygWanZIBtBW0W2TM=
github.com/go-playground/universal-translator v0.16.0 h1:X++omBR/4cE2MNg91AoC3rmGrCjJ8eAeUP/K/EKx4DM=
github.com/go-playground/universal-translator v0.16.0/go.mod h1:1AnU7NaIRDWWzGEKwgtJRd2xk99HeFyHw3yid4rvQIY=
github.com/imdario/mergo v0.3.7 h1:Y+UAYTZ7gDEuOfhxKWy+dvb5dRQ6rJjFSdX2HZY1/gI=
github.com/imdario/mergo v0.3.7/go.mod h1:2EnlNZ0deacrJVfApfmtdGgDfMuh/nq6Ok1EcJh5FfA=
github.com/json-iterator/go v1.1.6 h1:MrUvLMLTMxbqFJ9kzlvat/rYZqZnW3u4wkLzWTaFwKs=
github.com/json-iterator/go v1.1.6/go.mod h1:+SdeFBvtyEkXs7REEP0seUULqWtbJapLOCVDaaPEHmU=
github.com/kr/pretty v0.1.0/go.mod h1:dAy3ld7l9f0ibDNOQOHHMYYIIbhfbHSm3C4ZsoJORNo=
github.com/kr/pty v1.1.1/go.mod h1:pFQYn66WHrOpPYNljwOMqo10TkYh1fy3cYio2l3bCsQ=
github.com/kr/text v0.1.0/go.mod h1:4Jbv+DJW3UT/LiOwJeYQe1efqtUx/iVham/4vfdArNI=
github.com/leodido/go-urn v1.1.0 h1:Sm1gr51B1kKyfD2BlRcLSiEkffoG96g6TPv6eRoEiB8=
github.com/leodido/go-urn v1.1.0/go.mod h1:+cyI34gQWZcE1eQU7NVgKkkzdXDQHr1dBMtdAPozLkw=
github.com/modern-go/concurrent v0.0.0-20180306012644-bacd9c7ef1dd h1:TRLaZ9cD/w8PVh93nsPXa1VrQ6jlwL5oN8l14QlcNfg=
github.com/modern-go/concurrent v0.0.0-20180306012644-bacd9c7ef1dd/go.mod h1:6dJC0mAP4ikYIbvyc7fijjWJddQyLn8Ig3JB5CqoB9Q=
github.com/modern-go/reflect2 v1.0.1 h1:9f412s+6RmYXLWZSEzVVgPGK7C2PphHj5RJrvfx9AWI=
github.com/modern-go/reflect2 v1.0.1/go.mod h1:bx2lNnkwVCuqBIxFjflWJWanXIb3RllmbCylyMrvgv0=
github.com/pelletier/go-toml v1.4.0 h1:u3Z1r+oOXJIkxqw34zVhyPgjBsm6X2wn21NWs/HfSeg=
github.com/pelletier/go-toml v1.4.0/go.mod h1:PN7xzY2wHTK0K9p34ErDQMlFxa51Fk0OUruD3k1mMwo=
github.com/pmezard/go-difflib v1.0.0 h1:4DBwDE0NGyQoBHbLQYPwSUPoCMWR5BEzIk/f1lZbAQM=
github.com/pmezard/go-difflib v1.0.0/go.mod h1:iKH77koFhYxTK1pcRnkKkqfTogsbg7gZNVY4sRDYZ/4=
github.com/stretchr/objx v0.1.0/go.mod h1:HFkY916IF+rwdDfMAkV7OtwuqBVzrE8GR6GFx+wExME=
github.com/stretchr/testify v1.3.0 h1:TivCn/peBQ7UY8ooIcPgZFpTNSz0Q2U6UrFlUfqbe0Q=
github.com/stretchr/testify v1.3.0/go.mod h1:M5WIy9Dh21IEIfnGCwXGc5bZfKNJtfHm1UVUgZn+9EI=
golang.org/x/crypto v0.0.0-20190308221718-c2843e01d9a2/go.mod h1:djNgcEr1/C05ACkg1iLfiJU5Ep61QUkGW8qpdssI0+w=
golang.org/x/net v0.0.0-20190311183353-d8887717615a/go.mod h1:t9HGtf8HONx5eT2rtn7q6eTqICYqUVnKs3thJo3Qplg=
golang.org/x/sync v0.0.0-20190423024810-112230192c58/go.mod h1:RxMgew5VJxzue5/jJTE5uejpjVlOe/izrB70Jof72aM=
golang.org/x/sys v0.0.0-20190215142949-d0b11bdaac8a/go.mod h1:STP8DvDyc/dI5b8T5hshtkjS+E42TnysNCUPdjciGhY=
golang.org/x/text v0.3.0/go.mod h1:NqM8EUOU14njkJ3fqMW+pc6Ldnwhi/IjpwHt7yyuwOQ=
golang.org/x/tools v0.0.0-20190529010454-aa71c3f32488 h1:vBgi/AgEje1rNScpWGJqe+RPHHZvBqrk9UH+LOXWN6Q=
golang.org/x/tools v0.0.0-20190529010454-aa71c3f32488/go.mod h1:RgjU9mgBXZiqYHBnxXauZ1Gv1EHHAz9KjViQ78xBX0Q=
gopkg.in/check.v1 v0.0.0-20161208181325-20d25e280405/go.mod h1:Co6ibVJAznAaIkqp8huTwlJQCZ016jof/cbN4VW5Yz0=
gopkg.in/check.v1 v1.0.0-20180628173108-788fd7840127/go.mod h1:Co6ibVJAznAaIkqp8huTwlJQCZ016jof/cbN4VW5Yz0=
gopkg.in/go-playground/validator.v9 v9.29.0 h1:5ofssLNYgAA/inWn6rTZ4juWpRJUwEnXc1LG2IeXwgQ=
gopkg.in/go-playground/validator.v9 v9.29.0/go.mod h1:+c9/zcJMFNgbLvly1L1V+PpxWdVbfP1avr/N00E2vyQ=
gopkg.in/yaml.v2 v2.2.2 h1:ZCJp+EgiOT7lHqUV2J862kp8Qj64Jo6az82+3Td9dZw=
gopkg.in/yaml.v2 v2.2.2/go.mod h1:hI93XBmqTisBFMUTm0b8Fm+jr3Dg1NNxqwp+5A1VGuI=
